PODS:
  - Flutter (1.0.0)
  - flutter_custom_tabs_ios (2.4.0):
    - Flutter
  - flutter_web_auth_2 (3.0.0):
    - Flutter
  - managed_configurations (0.0.1):
    - Flutter
    - FlutterMacOS
  - native_authentication (0.0.1):
    - Flutter
  - objective_c (0.0.1):
    - Flutter
  - path_provider_foundation (0.0.1):
    - Flutter
    - FlutterMacOS
  - shared_preferences_foundation (0.0.1):
    - Flutter
    - FlutterMacOS
  - url_launcher_ios (0.0.1):
    - Flutter

DEPENDENCIES:
  - Flutter (from `Flutter`)
  - flutter_custom_tabs_ios (from `.symlinks/plugins/flutter_custom_tabs_ios/ios`)
  - flutter_web_auth_2 (from `.symlinks/plugins/flutter_web_auth_2/ios`)
  - managed_configurations (from `.symlinks/plugins/managed_configurations/darwin`)
  - native_authentication (from `.symlinks/plugins/native_authentication/ios`)
  - objective_c (from `.symlinks/plugins/objective_c/ios`)
  - path_provider_foundation (from `.symlinks/plugins/path_provider_foundation/darwin`)
  - shared_preferences_foundation (from `.symlinks/plugins/shared_preferences_foundation/darwin`)
  - url_launcher_ios (from `.symlinks/plugins/url_launcher_ios/ios`)

EXTERNAL SOURCES:
  Flutter:
    :path: Flutter
  flutter_custom_tabs_ios:
    :path: ".symlinks/plugins/flutter_custom_tabs_ios/ios"
  flutter_web_auth_2:
    :path: ".symlinks/plugins/flutter_web_auth_2/ios"
  managed_configurations:
    :path: ".symlinks/plugins/managed_configurations/darwin"
  native_authentication:
    :path: ".symlinks/plugins/native_authentication/ios"
  objective_c:
    :path: ".symlinks/plugins/objective_c/ios"
  path_provider_foundation:
    :path: ".symlinks/plugins/path_provider_foundation/darwin"
  shared_preferences_foundation:
    :path: ".symlinks/plugins/shared_preferences_foundation/darwin"
  url_launcher_ios:
    :path: ".symlinks/plugins/url_launcher_ios/ios"

SPEC CHECKSUMS:
  Flutter: cabc95a1d2626b1b06e7179b784ebcf0c0cde467
  flutter_custom_tabs_ios: 87333f36c33a5971502766aca2f6ff4823b09bda
  flutter_web_auth_2: 5c8d9dcd7848b5a9efb086d24e7a9adcae979c80
  managed_configurations: 5b1008bf464ba05b8af7dd7ad4379db651440c04
  native_authentication: 9584603fb050c3f86d19c53d25a3f4dea200588f
  objective_c: 89e720c30d716b036faf9c9684022048eee1eee2
  path_provider_foundation: bb55f6dbba17d0dccd6737fe6f7f34fbd0376880
  shared_preferences_foundation: 7036424c3d8ec98dfe75ff1667cb0cd531ec82bb
  url_launcher_ios: 7a95fa5b60cc718a708b8f2966718e93db0cef1b

PODFILE CHECKSUM: 3c63482e143d1b91d2d2560aee9fb04ecc74ac7e

COCOAPODS: 1.16.2
